<?xml version="1.0" encoding="UTF-8" standalone="yes" ?>
<CodeBlocks_project_file>
	<FileVersion major="1" minor="6" />
	<Project>
		<Option title="mgf" />
		<Option pch_mode="2" />
		<Option compiler="gcc" />
		<Build>
			<Target title="Debug">
				<Option output="bin/Debug/mgf" prefix_auto="1" extension_auto="1" />
				<Option object_output="obj/Debug/" />
				<Option type="1" />
				<Option compiler="gcc" />
				<Compiler>
					<Add option="-g" />
				</Compiler>
			</Target>
			<Target title="Release">
				<Option output="bin/Release/mgf" prefix_auto="1" extension_auto="1" />
				<Option object_output="obj/Release/" />
				<Option type="1" />
				<Option compiler="gcc" />
				<Compiler>
					<Add option="-O2" />
				</Compiler>
				<Linker>
					<Add option="-s" />
				</Linker>
			</Target>
		</Build>
		<Compiler>
			<Add option="-std=c++11" />
			<Add option="-Wall" />
			<Add option="-fexceptions" />
		</Compiler>
		<Linker>
			<Add option="-lSDL2" />
			<Add option="-lSDL2_image" />
			<Add option="-lGLEW" />
			<Add option="-lGL" />
			<Add option="-lassimp" />
		</Linker>
		<Unit filename="gl_test.h" />
		<Unit filename="main.cpp" />
		<Unit filename="src/Include.h" />
		<Unit filename="src/data/Data.cpp" />
		<Unit filename="src/data/Data.h" />
		<Unit filename="src/data/Light.cpp" />
		<Unit filename="src/data/Light.h" />
		<Unit filename="src/data/Material.cpp" />
		<Unit filename="src/data/Material.h" />
		<Unit filename="src/data/Mesh.cpp" />
		<Unit filename="src/data/Mesh.h" />
		<Unit filename="src/data/Texture.cpp" />
		<Unit filename="src/data/Texture.h" />
		<Unit filename="src/mgf.h" />
		<Unit filename="src/scene/Loader.cpp" />
		<Unit filename="src/scene/Loader.h" />
		<Unit filename="src/scene/Node.cpp" />
		<Unit filename="src/scene/Node.h" />
		<Unit filename="src/util/Camera.cpp" />
		<Unit filename="src/util/Camera.h" />
		<Unit filename="src/util/Input.cpp" />
		<Unit filename="src/util/Input.h" />
		<Unit filename="src/util/ShaderProgram.cpp" />
		<Unit filename="src/util/ShaderProgram.h" />
		<Unit filename="src/util/Window.cpp" />
		<Unit filename="src/util/Window.h" />
		<Extensions>
			<envvars />
			<code_completion />
			<debugger />
			<lib_finder disable_auto="1" />
		</Extensions>
	</Project>
</CodeBlocks_project_file>
