<?xml version="1.0" encoding="UTF-8" standalone="yes" ?>
<CodeBlocks_project_file>
	<FileVersion major="1" minor="6" />
	<Project>
		<Option title="mgf" />
		<Option pch_mode="2" />
		<Option compiler="gcc" />
		<Build>
			<Target title="Debug">
				<Option output="bin/Debug/mge" prefix_auto="1" extension_auto="1" />
				<Option object_output="obj/Debug/" />
				<Option type="1" />
				<Option compiler="gcc" />
				<Compiler>
					<Add option="-g" />
				</Compiler>
			</Target>
			<Target title="Release">
				<Option output="bin/Release/mge" prefix_auto="1" extension_auto="1" />
				<Option object_output="obj/Release/" />
				<Option type="1" />
				<Option compiler="gcc" />
				<Compiler>
					<Add option="-O2" />
				</Compiler>
				<Linker>
					<Add option="-s" />
				</Linker>
			</Target>
		</Build>
		<Compiler>
			<Add option="-std=c++11" />
			<Add option="-Wall" />
			<Add option="-fexceptions" />
		</Compiler>
		<Linker>
			<Add option="-lSDL2" />
			<Add option="-lGLEW" />
			<Add option="-lGL" />
			<Add option="-lassimp" />
		</Linker>
		<Unit filename="gl_test.h" />
		<Unit filename="libs/mgf/mgf.h" />
		<Unit filename="libs/mgf/mgf_camera.cpp" />
		<Unit filename="libs/mgf/mgf_camera.h" />
		<Unit filename="libs/mgf/mgf_extra.cpp" />
		<Unit filename="libs/mgf/mgf_extra.h" />
		<Unit filename="libs/mgf/mgf_init.cpp" />
		<Unit filename="libs/mgf/mgf_init.h" />
		<Unit filename="libs/mgf/mgf_input.cpp" />
		<Unit filename="libs/mgf/mgf_input.h" />
		<Unit filename="libs/mgf/mgf_object.cpp" />
		<Unit filename="libs/mgf/mgf_object.h" />
		<Unit filename="libs/mgf/mgf_shader.cpp" />
		<Unit filename="libs/mgf/mgf_shader.h" />
		<Unit filename="libs/mol/mol.inl" />
		<Unit filename="main.cpp" />
		<Extensions>
			<envvars />
			<code_completion />
			<debugger />
			<lib_finder disable_auto="1" />
		</Extensions>
	</Project>
</CodeBlocks_project_file>
